
Microsoft Visual Studio Solution File, Format Version 12.00
# Visual Studio Version 17
VisualStudioVersion = 17.3.32929.385
MinimumVisualStudioVersion = 10.0.40219.1
Project("{FAE04EC0-301F-11D3-BF4B-00C04F79EFBC}") = "PetAsService", "PetAsService\PetAsService.csproj", "{B34E8D4E-6F62-44F4-AC61-846B1984D86C}"
EndProject
Global
	GlobalSection(SolutionConfigurationPlatforms) = preSolution
		Debug|Any CPU = Debug|Any CPU
		Release|Any CPU = Release|Any CPU
	EndGlobalSection
	GlobalSection(ProjectConfigurationPlatforms) = postSolution
		{B34E8D4E-6F62-44F4-AC61-846B1984D86C}.Debug|Any CPU.ActiveCfg = Debug|Any CPU
		{B34E8D4E-6F62-44F4-AC61-846B1984D86C}.Debug|Any CPU.Build.0 = Debug|Any CPU
		{B34E8D4E-6F62-44F4-AC61-846B1984D86C}.Release|Any CPU.ActiveCfg = Release|Any CPU
		{B34E8D4E-6F62-44F4-AC61-846B1984D86C}.Release|Any CPU.Build.0 = Release|Any CPU
	EndGlobalSection
	GlobalSection(SolutionProperties) = preSolution
		HideSolutionNode = FALSE
	EndGlobalSection
	GlobalSection(ExtensibilityGlobals) = postSolution
		SolutionGuid = {B5CCD0F3-77B4-40E7-B7F7-B6F27FE5241C}
	EndGlobalSection
EndGlobal
